
Microsoft Visual Studio Solution File, Format Version 12.00
# Visual Studio Version 17
VisualStudioVersion = 17.5.33627.172
MinimumVisualStudioVersion = 10.0.40219.1
Project("{9A19103F-16F7-4668-BE54-9A1E7A4F7556}") = "ProgTech", "Kursova\ProgTech.csproj", "{C6F197AE-E753-40EB-B90A-852BBEC804DE}"
EndProject
Project("{9A19103F-16F7-4668-BE54-9A1E7A4F7556}") = "TestFile", "TestFile\TestFile.csproj", "{6D4E0CC6-44B6-4389-BE36-4D62ECD3D3E7}"
EndProject
Project("{9A19103F-16F7-4668-BE54-9A1E7A4F7556}") = "BackLibrary", "BackLibrary\BackLibrary.csproj", "{D62FF5D9-E2AB-42B0-B747-B88F1AED51EE}"
EndProject
Project("{9A19103F-16F7-4668-BE54-9A1E7A4F7556}") = "TextPusher", "TextPusher\TextPusher.csproj", "{0D8D727E-9F41-4EB6-9EB0-F0EC9E9A7550}"
EndProject
Global
	GlobalSection(SolutionConfigurationPlatforms) = preSolution
		Debug|Any CPU = Debug|Any CPU
		Release|Any CPU = Release|Any CPU
	EndGlobalSection
	GlobalSection(ProjectConfigurationPlatforms) = postSolution
		{C6F197AE-E753-40EB-B90A-852BBEC804DE}.Debug|Any CPU.ActiveCfg = Debug|Any CPU
		{C6F197AE-E753-40EB-B90A-852BBEC804DE}.Debug|Any CPU.Build.0 = Debug|Any CPU
		{C6F197AE-E753-40EB-B90A-852BBEC804DE}.Release|Any CPU.ActiveCfg = Release|Any CPU
		{C6F197AE-E753-40EB-B90A-852BBEC804DE}.Release|Any CPU.Build.0 = Release|Any CPU
		{6D4E0CC6-44B6-4389-BE36-4D62ECD3D3E7}.Debug|Any CPU.ActiveCfg = Debug|Any CPU
		{6D4E0CC6-44B6-4389-BE36-4D62ECD3D3E7}.Debug|Any CPU.Build.0 = Debug|Any CPU
		{6D4E0CC6-44B6-4389-BE36-4D62ECD3D3E7}.Release|Any CPU.ActiveCfg = Release|Any CPU
		{6D4E0CC6-44B6-4389-BE36-4D62ECD3D3E7}.Release|Any CPU.Build.0 = Release|Any CPU
		{D62FF5D9-E2AB-42B0-B747-B88F1AED51EE}.Debug|Any CPU.ActiveCfg = Debug|Any CPU
		{D62FF5D9-E2AB-42B0-B747-B88F1AED51EE}.Debug|Any CPU.Build.0 = Debug|Any CPU
		{D62FF5D9-E2AB-42B0-B747-B88F1AED51EE}.Release|Any CPU.ActiveCfg = Release|Any CPU
		{D62FF5D9-E2AB-42B0-B747-B88F1AED51EE}.Release|Any CPU.Build.0 = Release|Any CPU
		{0D8D727E-9F41-4EB6-9EB0-F0EC9E9A7550}.Debug|Any CPU.ActiveCfg = Debug|Any CPU
		{0D8D727E-9F41-4EB6-9EB0-F0EC9E9A7550}.Debug|Any CPU.Build.0 = Debug|Any CPU
		{0D8D727E-9F41-4EB6-9EB0-F0EC9E9A7550}.Release|Any CPU.ActiveCfg = Release|Any CPU
		{0D8D727E-9F41-4EB6-9EB0-F0EC9E9A7550}.Release|Any CPU.Build.0 = Release|Any CPU
	EndGlobalSection
	GlobalSection(SolutionProperties) = preSolution
		HideSolutionNode = FALSE
	EndGlobalSection
	GlobalSection(ExtensibilityGlobals) = postSolution
		SolutionGuid = {055B2F03-1131-486C-A738-1BE914338DAF}
	EndGlobalSection
EndGlobal
